{
  "nodes": {
    "flakeNimbleLib": {
      "inputs": {
        "nixpkgs": [
          "nixpkgs"
        ]
      },
      "locked": {
        "lastModified": 1662018438,
        "narHash": "sha256-QtNtU6+LX3Wokxf0zlFwKTFOcn6TeDjKQZ+DA9OYtvM=",
        "owner": "riinr",
        "repo": "nim-flakes-lib",
        "rev": "b1fe8340736e3a85d25c709ac3dfd82a55c03cbf",
        "type": "github"
      },
      "original": {
        "owner": "riinr",
        "ref": "master",
        "repo": "nim-flakes-lib",
        "type": "github"
      }
    },
    "nixpkgs": {
      "locked": {
        "lastModified": 1667199707,
        "narHash": "sha256-I2Js3Y7gUyVSEXPULHlBoRek4Lh85vnevdS6mdvDNLI=",
        "owner": "NixOS",
        "repo": "nixpkgs",
        "rev": "ced197be72099edcfa68ebed8b87af7b04851f45",
        "type": "github"
      },
      "original": {
        "id": "nixpkgs",
        "type": "indirect"
      }
    },
    "root": {
      "inputs": {
        "flakeNimbleLib": "flakeNimbleLib",
        "nixpkgs": "nixpkgs",
        "sixense-master": "sixense-master"
      }
    },
    "sixense-master": {
      "inputs": {
        "flakeNimbleLib": [
          "flakeNimbleLib"
        ],
        "nixpkgs": [
          "nixpkgs"
        ],
        "src-sixense-master": "src-sixense-master"
      },
      "locked": {
        "dir": "master",
        "lastModified": 1667322674,
        "narHash": "sha256-nE/HN5xvA7M2r9Q9w4gbGeutyrwNHCB9CAxUkL4ANHc=",
        "owner": "nim-nix-pkgs",
        "repo": "sixense",
        "rev": "2f7fd7c5c7d511729337e87473d5c3a1cc703507",
        "type": "github"
      },
      "original": {
        "dir": "master",
        "owner": "nim-nix-pkgs",
        "ref": "master",
        "repo": "sixense",
        "type": "github"
      }
    },
    "src-sixense-master": {
      "flake": false,
      "locked": {
        "lastModified": 1454172663,
        "narHash": "sha256-wgePHb6h8sNhpSgRTnd0TyRgHm1uGrGyswrkTkg+dCE=",
        "owner": "nimious",
        "repo": "sixense",
        "rev": "9d87126a6e6e1bfb5802bcb5ff6351f4feed9364",
        "type": "github"
      },
      "original": {
        "owner": "nimious",
        "ref": "refs/heads/master",
        "repo": "sixense",
        "type": "github"
      }
    }
  },
  "root": "root",
  "version": 7
}
